// !$*UTF8*$!
{
	archiveVersion = 1;
	classes = {
	};
	objectVersion = 46;
	objects = {

/* Begin PBXBuildFile section */
		6D4332F318DEC147001E3BBB /* Foundation.framework in Frameworks */ = {isa = PBXBuildFile; fileRef = 6D4332F218DEC147001E3BBB /* Foundation.framework */; };
		6D4332F518DEC147001E3BBB /* CoreGraphics.framework in Frameworks */ = {isa = PBXBuildFile; fileRef = 6D4332F418DEC147001E3BBB /* CoreGraphics.framework */; };
		6D4332F718DEC147001E3BBB /* UIKit.framework in Frameworks */ = {isa = PBXBuildFile; fileRef = 6D4332F618DEC147001E3BBB /* UIKit.framework */; };
		6D4332FD18DEC147001E3BBB /* InfoPlist.strings in Resources */ = {isa = PBXBuildFile; fileRef = 6D4332FB18DEC147001E3BBB /* InfoPlist.strings */; };
		6D4332FF18DEC147001E3BBB /* main.m in Sources */ = {isa = PBXBuildFile; fileRef = 6D4332FE18DEC147001E3BBB /* main.m */; };
		6D43330318DEC147001E3BBB /* PTUIKitAdditionsDemoAppDelegate.m in Sources */ = {isa = PBXBuildFile; fileRef = 6D43330218DEC147001E3BBB /* PTUIKitAdditionsDemoAppDelegate.m */; };
		6D43330618DEC147001E3BBB /* Main.storyboard in Resources */ = {isa = PBXBuildFile; fileRef = 6D43330418DEC147001E3BBB /* Main.storyboard */; };
		6D43330918DEC147001E3BBB /* PTUIKitAdditionsDemoViewController.m in Sources */ = {isa = PBXBuildFile; fileRef = 6D43330818DEC147001E3BBB /* PTUIKitAdditionsDemoViewController.m */; };
		6D43330B18DEC147001E3BBB /* Images.xcassets in Resources */ = {isa = PBXBuildFile; fileRef = 6D43330A18DEC147001E3BBB /* Images.xcassets */; };
		6D43331218DEC147001E3BBB /* XCTest.framework in Frameworks */ = {isa = PBXBuildFile; fileRef = 6D43331118DEC147001E3BBB /* XCTest.framework */; };
		6D43331318DEC147001E3BBB /* Foundation.framework in Frameworks */ = {isa = PBXBuildFile; fileRef = 6D4332F218DEC147001E3BBB /* Foundation.framework */; };
		6D43331418DEC147001E3BBB /* UIKit.framework in Frameworks */ = {isa = PBXBuildFile; fileRef = 6D4332F618DEC147001E3BBB /* UIKit.framework */; };
		6D43331C18DEC147001E3BBB /* InfoPlist.strings in Resources */ = {isa = PBXBuildFile; fileRef = 6D43331A18DEC147001E3BBB /* InfoPlist.strings */; };
		6D43331E18DEC147001E3BBB /* DemoTests.m in Sources */ = {isa = PBXBuildFile; fileRef = 6D43331D18DEC147001E3BBB /* DemoTests.m */; };
		FEC5A903595E4D9898AB820B /* libPods.a in Frameworks */ = {isa = PBXBuildFile; fileRef = 3E8C66CC8234413E8467A3EF /* libPods.a */; };
/* End PBXBuildFile section */

/* Begin PBXContainerItemProxy section */
		6D43331518DEC147001E3BBB /* PBXContainerItemProxy */ = {
			isa = PBXContainerItemProxy;
			containerPortal = 6D4332E718DEC147001E3BBB /* Project object */;
			proxyType = 1;
			remoteGlobalIDString = 6D4332EE18DEC147001E3BBB;
			remoteInfo = Demo;
		};
/* End PBXContainerItemProxy section */

/* Begin PBXFileReference section */
		3E8C66CC8234413E8467A3EF /* libPods.a */ = {isa = PBXFileReference; explicitFileType = archive.ar; includeInIndex = 0; path = libPods.a; sourceTree = BUILT_PRODUCTS_DIR; };
		6D4332EF18DEC147001E3BBB /* Demo.app */ = {isa = PBXFileReference; explicitFileType = wrapper.application; includeInIndex = 0; path = Demo.app; sourceTree = BUILT_PRODUCTS_DIR; };
		6D4332F218DEC147001E3BBB /* Foundation.framework */ = {isa = PBXFileReference; lastKnownFileType = wrapper.framework; name = Foundation.framework; path = System/Library/Frameworks/Foundation.framework; sourceTree = SDKROOT; };
		6D4332F418DEC147001E3BBB /* CoreGraphics.framework */ = {isa = PBXFileReference; lastKnownFileType = wrapper.framework; name = CoreGraphics.framework; path = System/Library/Frameworks/CoreGraphics.framework; sourceTree = SDKROOT; };
		6D4332F618DEC147001E3BBB /* UIKit.framework */ = {isa = PBXFileReference; lastKnownFileType = wrapper.framework; name = UIKit.framework; path = System/Library/Frameworks/UIKit.framework; sourceTree = SDKROOT; };
		6D4332FA18DEC147001E3BBB /* Demo-Info.plist */ = {isa = PBXFileReference; lastKnownFileType = text.plist.xml; path = "Demo-Info.plist"; sourceTree = "<group>"; };
		6D4332FC18DEC147001E3BBB /* en */ = {isa = PBXFileReference; lastKnownFileType = text.plist.strings; name = en; path = en.lproj/InfoPlist.strings; sourceTree = "<group>"; };
		6D4332FE18DEC147001E3BBB /* main.m */ = {isa = PBXFileReference; lastKnownFileType = sourcecode.c.objc; path = main.m; sourceTree = "<group>"; };
		6D43330018DEC147001E3BBB /* Demo-Prefix.pch */ = {isa = PBXFileReference; lastKnownFileType = sourcecode.c.h; path = "Demo-Prefix.pch"; sourceTree = "<group>"; };
		6D43330118DEC147001E3BBB /* PTUIKitAdditionsDemoAppDelegate.h */ = {isa = PBXFileReference; lastKnownFileType = sourcecode.c.h; path = PTUIKitAdditionsDemoAppDelegate.h; sourceTree = "<group>"; };
		6D43330218DEC147001E3BBB /* PTUIKitAdditionsDemoAppDelegate.m */ = {isa = PBXFileReference; lastKnownFileType = sourcecode.c.objc; path = PTUIKitAdditionsDemoAppDelegate.m; sourceTree = "<group>"; };
		6D43330518DEC147001E3BBB /* Base */ = {isa = PBXFileReference; lastKnownFileType = file.storyboard; name = Base; path = Base.lproj/Main.storyboard; sourceTree = "<group>"; };
		6D43330718DEC147001E3BBB /* PTUIKitAdditionsDemoViewController.h */ = {isa = PBXFileReference; lastKnownFileType = sourcecode.c.h; path = PTUIKitAdditionsDemoViewController.h; sourceTree = "<group>"; };
		6D43330818DEC147001E3BBB /* PTUIKitAdditionsDemoViewController.m */ = {isa = PBXFileReference; lastKnownFileType = sourcecode.c.objc; path = PTUIKitAdditionsDemoViewController.m; sourceTree = "<group>"; };
		6D43330A18DEC147001E3BBB /* Images.xcassets */ = {isa = PBXFileReference; lastKnownFileType = folder.assetcatalog; path = Images.xcassets; sourceTree = "<group>"; };
		6D43331018DEC147001E3BBB /* DemoTests.xctest */ = {isa = PBXFileReference; explicitFileType = wrapper.cfbundle; includeInIndex = 0; path = DemoTests.xctest; sourceTree = BUILT_PRODUCTS_DIR; };
		6D43331118DEC147001E3BBB /* XCTest.framework */ = {isa = PBXFileReference; lastKnownFileType = wrapper.framework; name = XCTest.framework; path = Library/Frameworks/XCTest.framework; sourceTree = DEVELOPER_DIR; };
		6D43331918DEC147001E3BBB /* DemoTests-Info.plist */ = {isa = PBXFileReference; lastKnownFileType = text.plist.xml; path = "DemoTests-Info.plist"; sourceTree = "<group>"; };
		6D43331B18DEC147001E3BBB /* en */ = {isa = PBXFileReference; lastKnownFileType = text.plist.strings; name = en; path = en.lproj/InfoPlist.strings; sourceTree = "<group>"; };
		6D43331D18DEC147001E3BBB /* DemoTests.m */ = {isa = PBXFileReference; lastKnownFileType = sourcecode.c.objc; path = DemoTests.m; sourceTree = "<group>"; };
		96D472AC655847F3880413C2 /* Pods.xcconfig */ = {isa = PBXFileReference; includeInIndex = 1; lastKnownFileType = text.xcconfig; name = Pods.xcconfig; path = ../Pods/Pods.xcconfig; sourceTree = "<group>"; };
/* End PBXFileReference section */

/* Begin PBXFrameworksBuildPhase section */
		6D4332EC18DEC147001E3BBB /* Frameworks */ = {
			isa = PBXFrameworksBuildPhase;
			buildActionMask = 2147483647;
			files = (
				6D4332F518DEC147001E3BBB /* CoreGraphics.framework in Frameworks */,
				6D4332F718DEC147001E3BBB /* UIKit.framework in Frameworks */,
				6D4332F318DEC147001E3BBB /* Foundation.framework in Frameworks */,
				FEC5A903595E4D9898AB820B /* libPods.a in Frameworks */,
			);
			runOnlyForDeploymentPostprocessing = 0;
		};
		6D43330D18DEC147001E3BBB /* Frameworks */ = {
			isa = PBXFrameworksBuildPhase;
			buildActionMask = 2147483647;
			files = (
				6D43331218DEC147001E3BBB /* XCTest.framework in Frameworks */,
				6D43331418DEC147001E3BBB /* UIKit.framework in Frameworks */,
				6D43331318DEC147001E3BBB /* Foundation.framework in Frameworks */,
			);
			runOnlyForDeploymentPostprocessing = 0;
		};
/* End PBXFrameworksBuildPhase section */

/* Begin PBXGroup section */
		6D4332E618DEC147001E3BBB = {
			isa = PBXGroup;
			children = (
				6D4332F818DEC147001E3BBB /* Demo */,
				6D43331718DEC147001E3BBB /* DemoTests */,
				6D4332F118DEC147001E3BBB /* Frameworks */,
				6D4332F018DEC147001E3BBB /* Products */,
				96D472AC655847F3880413C2 /* Pods.xcconfig */,
			);
			sourceTree = "<group>";
		};
		6D4332F018DEC147001E3BBB /* Products */ = {
			isa = PBXGroup;
			children = (
				6D4332EF18DEC147001E3BBB /* Demo.app */,
				6D43331018DEC147001E3BBB /* DemoTests.xctest */,
			);
			name = Products;
			sourceTree = "<group>";
		};
		6D4332F118DEC147001E3BBB /* Frameworks */ = {
			isa = PBXGroup;
			children = (
				6D4332F218DEC147001E3BBB /* Foundation.framework */,
				6D4332F418DEC147001E3BBB /* CoreGraphics.framework */,
				6D4332F618DEC147001E3BBB /* UIKit.framework */,
				6D43331118DEC147001E3BBB /* XCTest.framework */,
				3E8C66CC8234413E8467A3EF /* libPods.a */,
			);
			name = Frameworks;
			sourceTree = "<group>";
		};
		6D4332F818DEC147001E3BBB /* Demo */ = {
			isa = PBXGroup;
			children = (
				6D43330118DEC147001E3BBB /* PTUIKitAdditionsDemoAppDelegate.h */,
				6D43330218DEC147001E3BBB /* PTUIKitAdditionsDemoAppDelegate.m */,
				6D43330418DEC147001E3BBB /* Main.storyboard */,
				6D43330718DEC147001E3BBB /* PTUIKitAdditionsDemoViewController.h */,
				6D43330818DEC147001E3BBB /* PTUIKitAdditionsDemoViewController.m */,
				6D43330A18DEC147001E3BBB /* Images.xcassets */,
				6D4332F918DEC147001E3BBB /* Supporting Files */,
			);
			path = Demo;
			sourceTree = "<group>";
		};
		6D4332F918DEC147001E3BBB /* Supporting Files */ = {
			isa = PBXGroup;
			children = (
				6D4332FA18DEC147001E3BBB /* Demo-Info.plist */,
				6D4332FB18DEC147001E3BBB /* InfoPlist.strings */,
				6D4332FE18DEC147001E3BBB /* main.m */,
				6D43330018DEC147001E3BBB /* Demo-Prefix.pch */,
			);
			name = "Supporting Files";
			sourceTree = "<group>";
		};
		6D43331718DEC147001E3BBB /* DemoTests */ = {
			isa = PBXGroup;
			children = (
				6D43331D18DEC147001E3BBB /* DemoTests.m */,
				6D43331818DEC147001E3BBB /* Supporting Files */,
			);
			path = DemoTests;
			sourceTree = "<group>";
		};
		6D43331818DEC147001E3BBB /* Supporting Files */ = {
			isa = PBXGroup;
			children = (
				6D43331918DEC147001E3BBB /* DemoTests-Info.plist */,
				6D43331A18DEC147001E3BBB /* InfoPlist.strings */,
			);
			name = "Supporting Files";
			sourceTree = "<group>";
		};
/* End PBXGroup section */

/* Begin PBXNativeTarget section */
		6D4332EE18DEC147001E3BBB /* Demo */ = {
			isa = PBXNativeTarget;
			buildConfigurationList = 6D43332118DEC147001E3BBB /* Build configuration list for PBXNativeTarget "Demo" */;
			buildPhases = (
				E747F8260E724C0DA710D981 /* Check Pods Manifest.lock */,
				6D4332EB18DEC147001E3BBB /* Sources */,
				6D4332EC18DEC147001E3BBB /* Frameworks */,
				6D4332ED18DEC147001E3BBB /* Resources */,
				1A6371FC48F141268B8C4DD3 /* Copy Pods Resources */,
			);
			buildRules = (
			);
			dependencies = (
			);
			name = Demo;
			productName = Demo;
			productReference = 6D4332EF18DEC147001E3BBB /* Demo.app */;
			productType = "com.apple.product-type.application";
		};
		6D43330F18DEC147001E3BBB /* DemoTests */ = {
			isa = PBXNativeTarget;
			buildConfigurationList = 6D43332418DEC147001E3BBB /* Build configuration list for PBXNativeTarget "DemoTests" */;
			buildPhases = (
				6D43330C18DEC147001E3BBB /* Sources */,
				6D43330D18DEC147001E3BBB /* Frameworks */,
				6D43330E18DEC147001E3BBB /* Resources */,
			);
			buildRules = (
			);
			dependencies = (
				6D43331618DEC147001E3BBB /* PBXTargetDependency */,
			);
			name = DemoTests;
			productName = DemoTests;
			productReference = 6D43331018DEC147001E3BBB /* DemoTests.xctest */;
			productType = "com.apple.product-type.bundle.unit-test";
		};
/* End PBXNativeTarget section */

/* Begin PBXProject section */
		6D4332E718DEC147001E3BBB /* Project object */ = {
			isa = PBXProject;
			attributes = {
				CLASSPREFIX = PTUIKitAdditionsDemo;
				LastUpgradeCheck = 0510;
				ORGANIZATIONNAME = "Pointwelve Studio";
				TargetAttributes = {
					6D43330F18DEC147001E3BBB = {
						TestTargetID = 6D4332EE18DEC147001E3BBB;
					};
				};
			};
			buildConfigurationList = 6D4332EA18DEC147001E3BBB /* Build configuration list for PBXProject "Demo" */;
			compatibilityVersion = "Xcode 3.2";
			developmentRegion = English;
			hasScannedForEncodings = 0;
			knownRegions = (
				en,
				Base,
			);
			mainGroup = 6D4332E618DEC147001E3BBB;
			productRefGroup = 6D4332F018DEC147001E3BBB /* Products */;
			projectDirPath = "";
			projectRoot = "";
			targets = (
				6D4332EE18DEC147001E3BBB /* Demo */,
				6D43330F18DEC147001E3BBB /* DemoTests */,
			);
		};
/* End PBXProject section */

/* Begin PBXResourcesBuildPhase section */
		6D4332ED18DEC147001E3BBB /* Resources */ = {
			isa = PBXResourcesBuildPhase;
			buildActionMask = 2147483647;
			files = (
				6D43330B18DEC147001E3BBB /* Images.xcassets in Resources */,
				6D4332FD18DEC147001E3BBB /* InfoPlist.strings in Resources */,
				6D43330618DEC147001E3BBB /* Main.storyboard in Resources */,
			);
			runOnlyForDeploymentPostprocessing = 0;
		};
		6D43330E18DEC147001E3BBB /* Resources */ = {
			isa = PBXResourcesBuildPhase;
			buildActionMask = 2147483647;
			files = (
				6D43331C18DEC147001E3BBB /* InfoPlist.strings in Resources */,
			);
			runOnlyForDeploymentPostprocessing = 0;
		};
/* End PBXResourcesBuildPhase section */

/* Begin PBXShellScriptBuildPhase section */
		1A6371FC48F141268B8C4DD3 /* Copy Pods Resources */ = {
			isa = PBXShellScriptBuildPhase;
			buildActionMask = 2147483647;
			files = (
			);
			inputPaths = (
			);
			name = "Copy Pods Resources";
			outputPaths = (
			);
			runOnlyForDeploymentPostprocessing = 0;
			shellPath = /bin/sh;
			shellScript = "\"${SRCROOT}/../Pods/Pods-resources.sh\"\n";
			showEnvVarsInLog = 0;
		};
		E747F8260E724C0DA710D981 /* Check Pods Manifest.lock */ = {
			isa = PBXShellScriptBuildPhase;
			buildActionMask = 2147483647;
			files = (
			);
			inputPaths = (
			);
			name = "Check Pods Manifest.lock";
			outputPaths = (
			);
			runOnlyForDeploymentPostprocessing = 0;
			shellPath = /bin/sh;
			shellScript = "diff \"${PODS_ROOT}/../Podfile.lock\" \"${PODS_ROOT}/Manifest.lock\" > /dev/null\nif [[ $? != 0 ]] ; then\n    cat << EOM\nerror: The sandbox is not in sync with the Podfile.lock. Run 'pod install' or update your CocoaPods installation.\nEOM\n    exit 1\nfi\n";
			showEnvVarsInLog = 0;
		};
/* End PBXShellScriptBuildPhase section */

/* Begin PBXSourcesBuildPhase section */
		6D4332EB18DEC147001E3BBB /* Sources */ = {
			isa = PBXSourcesBuildPhase;
			buildActionMask = 2147483647;
			files = (
				6D43330918DEC147001E3BBB /* PTUIKitAdditionsDemoViewController.m in Sources */,
				6D43330318DEC147001E3BBB /* PTUIKitAdditionsDemoAppDelegate.m in Sources */,
				6D4332FF18DEC147001E3BBB /* main.m in Sources */,
			);
			runOnlyForDeploymentPostprocessing = 0;
		};
		6D43330C18DEC147001E3BBB /* Sources */ = {
			isa = PBXSourcesBuildPhase;
			buildActionMask = 2147483647;
			files = (
				6D43331E18DEC147001E3BBB /* DemoTests.m in Sources */,
			);
			runOnlyForDeploymentPostprocessing = 0;
		};
/* End PBXSourcesBuildPhase section */

/* Begin PBXTargetDependency section */
		6D43331618DEC147001E3BBB /* PBXTargetDependency */ = {
			isa = PBXTargetDependency;
			target = 6D4332EE18DEC147001E3BBB /* Demo */;
			targetProxy = 6D43331518DEC147001E3BBB /* PBXContainerItemProxy */;
		};
/* End PBXTargetDependency section */

/* Begin PBXVariantGroup section */
		6D4332FB18DEC147001E3BBB /* InfoPlist.strings */ = {
			isa = PBXVariantGroup;
			children = (
				6D4332FC18DEC147001E3BBB /* en */,
			);
			name = InfoPlist.strings;
			sourceTree = "<group>";
		};
		6D43330418DEC147001E3BBB /* Main.storyboard */ = {
			isa = PBXVariantGroup;
			children = (
				6D43330518DEC147001E3BBB /* Base */,
			);
			name = Main.storyboard;
			sourceTree = "<group>";
		};
		6D43331A18DEC147001E3BBB /* InfoPlist.strings */ = {
			isa = PBXVariantGroup;
			children = (
				6D43331B18DEC147001E3BBB /* en */,
			);
			name = InfoPlist.strings;
			sourceTree = "<group>";
		};
/* End PBXVariantGroup section */

/* Begin XCBuildConfiguration section */
		6D43331F18DEC147001E3BBB /* Debug */ = {
			isa = XCBuildConfiguration;
			buildSettings = {
				ALWAYS_SEARCH_USER_PATHS = NO;
				CLANG_CXX_LANGUAGE_STANDARD = "gnu++0x";
				CLANG_CXX_LIBRARY = "libc++";
				CLANG_ENABLE_MODULES = YES;
				CLANG_ENABLE_OBJC_ARC = YES;
				CLANG_WARN_BOOL_CONVERSION = YES;
				CLANG_WARN_CONSTANT_CONVERSION = YES;
				CLANG_WARN_DIRECT_OBJC_ISA_USAGE = YES_ERROR;
				CLANG_WARN_EMPTY_BODY = YES;
				CLANG_WARN_ENUM_CONVERSION = YES;
				CLANG_WARN_INT_CONVERSION = YES;
				CLANG_WARN_OBJC_ROOT_CLASS = YES_ERROR;
				CLANG_WARN__DUPLICATE_METHOD_MATCH = YES;
				"CODE_SIGN_IDENTITY[sdk=iphoneos*]" = "iPhone Developer";
				COPY_PHASE_STRIP = NO;
				GCC_C_LANGUAGE_STANDARD = gnu99;
				GCC_DYNAMIC_NO_PIC = NO;
				GCC_OPTIMIZATION_LEVEL = 0;
				GCC_PREPROCESSOR_DEFINITIONS = (
					"DEBUG=1",
					"$(inherited)",
				);
				GCC_SYMBOLS_PRIVATE_EXTERN = NO;
				GCC_WARN_64_TO_32_BIT_CONVERSION = YES;
				GCC_WARN_ABOUT_RETURN_TYPE = YES_ERROR;
				GCC_WARN_UNDECLARED_SELECTOR = YES;
				GCC_WARN_UNINITIALIZED_AUTOS = YES_AGGRESSIVE;
				GCC_WARN_UNUSED_FUNCTION = YES;
				GCC_WARN_UNUSED_VARIABLE = YES;
				IPHONEOS_DEPLOYMENT_TARGET = 7.0;
				ONLY_ACTIVE_ARCH = YES;
				SDKROOT = iphoneos;
			};
			name = Debug;
		};
		6D43332018DEC147001E3BBB /* Release */ = {
			isa = XCBuildConfiguration;
			buildSettings = {
				ALWAYS_SEARCH_USER_PATHS = NO;
				CLANG_CXX_LANGUAGE_STANDARD = "gnu++0x";
				CLANG_CXX_LIBRARY = "libc++";
				CLANG_ENABLE_MODULES = YES;
				CLANG_ENABLE_OBJC_ARC = YES;
				CLANG_WARN_BOOL_CONVERSION = YES;
				CLANG_WARN_CONSTANT_CONVERSION = YES;
				CLANG_WARN_DIRECT_OBJC_ISA_USAGE = YES_ERROR;
				CLANG_WARN_EMPTY_BODY = YES;
				CLANG_WARN_ENUM_CONVERSION = YES;
				CLANG_WARN_INT_CONVERSION = YES;
				CLANG_WARN_OBJC_ROOT_CLASS = YES_ERROR;
				CLANG_WARN__DUPLICATE_METHOD_MATCH = YES;
				"CODE_SIGN_IDENTITY[sdk=iphoneos*]" = "iPhone Developer";
				COPY_PHASE_STRIP = YES;
				ENABLE_NS_ASSERTIONS = NO;
				GCC_C_LANGUAGE_STANDARD = gnu99;
				GCC_WARN_64_TO_32_BIT_CONVERSION = YES;
				GCC_WARN_ABOUT_RETURN_TYPE = YES_ERROR;
				GCC_WARN_UNDECLARED_SELECTOR = YES;
				GCC_WARN_UNINITIALIZED_AUTOS = YES_AGGRESSIVE;
				GCC_WARN_UNUSED_FUNCTION = YES;
				GCC_WARN_UNUSED_VARIABLE = YES;
				IPHONEOS_DEPLOYMENT_TARGET = 7.0;
				SDKROOT = iphoneos;
				VALIDATE_PRODUCT = YES;
			};
			name = Release;
		};
		6D43332218DEC147001E3BBB /* Debug */ = {
			isa = XCBuildConfiguration;
			baseConfigurationReference = 96D472AC655847F3880413C2 /* Pods.xcconfig */;
			buildSettings = {
				ASSETCATALOG_COMPILER_APPICON_NAME = AppIcon;
				ASSETCATALOG_COMPILER_LAUNCHIMAGE_NAME = LaunchImage;
				CODE_SIGN_IDENTITY = "iPhone Developer";
				GCC_PRECOMPILE_PREFIX_HEADER = YES;
				GCC_PREFIX_HEADER = "Demo/Demo-Prefix.pch";
				INFOPLIST_FILE = "Demo/Demo-Info.plist";
				IPHONEOS_DEPLOYMENT_TARGET = 7.1;
				PRODUCT_NAME = "$(TARGET_NAME)";
				WRAPPER_EXTENSION = app;
			};
			name = Debug;
		};
		6D43332318DEC147001E3BBB /* Release */ = {
			isa = XCBuildConfiguration;
			baseConfigurationReference = 96D472AC655847F3880413C2 /* Pods.xcconfig */;
			buildSettings = {
				ASSETCATALOG_COMPILER_APPICON_NAME = AppIcon;
				ASSETCATALOG_COMPILER_LAUNCHIMAGE_NAME = LaunchImage;
				CODE_SIGN_IDENTITY = "iPhone Developer";
				GCC_PRECOMPILE_PREFIX_HEADER = YES;
				GCC_PREFIX_HEADER = "Demo/Demo-Prefix.pch";
				INFOPLIST_FILE = "Demo/Demo-Info.plist";
				IPHONEOS_DEPLOYMENT_TARGET = 7.1;
				PRODUCT_NAME = "$(TARGET_NAME)";
				WRAPPER_EXTENSION = app;
			};
			name = Release;
		};
		6D43332518DEC147001E3BBB /* Debug */ = {
			isa = XCBuildConfiguration;
			buildSettings = {
				BUNDLE_LOADER = "$(BUILT_PRODUCTS_DIR)/Demo.app/Demo";
				FRAMEWORK_SEARCH_PATHS = (
					"$(SDKROOT)/Developer/Library/Frameworks",
					"$(inherited)",
					"$(DEVELOPER_FRAMEWORKS_DIR)",
				);
				GCC_PRECOMPILE_PREFIX_HEADER = YES;
				GCC_PREFIX_HEADER = "Demo/Demo-Prefix.pch";
				GCC_PREPROCESSOR_DEFINITIONS = (
					"DEBUG=1",
					"$(inherited)",
				);
				INFOPLIST_FILE = "DemoTests/DemoTests-Info.plist";
				PRODUCT_NAME = "$(TARGET_NAME)";
				TEST_HOST = "$(BUNDLE_LOADER)";
				WRAPPER_EXTENSION = xctest;
			};
			name = Debug;
		};
		6D43332618DEC147001E3BBB /* Release */ = {
			isa = XCBuildConfiguration;
			buildSettings = {
				BUNDLE_LOADER = "$(BUILT_PRODUCTS_DIR)/Demo.app/Demo";
				FRAMEWORK_SEARCH_PATHS = (
					"$(SDKROOT)/Developer/Library/Frameworks",
					"$(inherited)",
					"$(DEVELOPER_FRAMEWORKS_DIR)",
				);
				GCC_PRECOMPILE_PREFIX_HEADER = YES;
				GCC_PREFIX_HEADER = "Demo/Demo-Prefix.pch";
				INFOPLIST_FILE = "DemoTests/DemoTests-Info.plist";
				PRODUCT_NAME = "$(TARGET_NAME)";
				TEST_HOST = "$(BUNDLE_LOADER)";
				WRAPPER_EXTENSION = xctest;
			};
			name = Release;
		};
/* End XCBuildConfiguration section */

/* Begin XCConfigurationList section */
		6D4332EA18DEC147001E3BBB /* Build configuration list for PBXProject "Demo" */ = {
			isa = XCConfigurationList;
			buildConfigurations = (
				6D43331F18DEC147001E3BBB /* Debug */,
				6D43332018DEC147001E3BBB /* Release */,
			);
			defaultConfigurationIsVisible = 0;
			defaultConfigurationName = Release;
		};
		6D43332118DEC147001E3BBB /* Build configuration list for PBXNativeTarget "Demo" */ = {
			isa = XCConfigurationList;
			buildConfigurations = (
				6D43332218DEC147001E3BBB /* Debug */,
				6D43332318DEC147001E3BBB /* Release */,
			);
			defaultConfigurationIsVisible = 0;
			defaultConfigurationName = Release;
		};
		6D43332418DEC147001E3BBB /* Build configuration list for PBXNativeTarget "DemoTests" */ = {
			isa = XCConfigurationList;
			buildConfigurations = (
				6D43332518DEC147001E3BBB /* Debug */,
				6D43332618DEC147001E3BBB /* Release */,
			);
			defaultConfigurationIsVisible = 0;
			defaultConfigurationName = Release;
		};
/* End XCConfigurationList section */
	};
	rootObject = 6D4332E718DEC147001E3BBB /* Project object */;
}
